{
  "name": "github-listener",
  "version": "1.0.0",
  "lockfileVersion": 1,
  "dependencies": {
    "docopt": {
      "version": "0.6.2",
      "resolved": "https://registry.npmjs.org/docopt/-/docopt-0.6.2.tgz",
      "integrity": "sha1-so6eIiDaXsSffqW7JKR3h0Be6xE="
    },
    "get-stdin": {
      "version": "4.0.1",
      "resolved": "https://registry.npmjs.org/get-stdin/-/get-stdin-4.0.1.tgz",
      "integrity": "sha1-uWjGsKBDhDJJAui/Gl3zJXmkUP4="
    },
    "githubhook": {
      "version": "git+https://git@github.com/drdrsh/node-github-hook.git#f0ea1f3eb8bfa1fd7f680b3328317a397733e27c"
    },
    "multiline": {
      "version": "1.0.2",
      "resolved": "https://registry.npmjs.org/multiline/-/multiline-1.0.2.tgz",
      "integrity": "sha1-abHyX/B00oKJBPJE3dBrfZbvbJM="
    },
    "strip-indent": {
      "version": "1.0.1",
      "resolved": "https://registry.npmjs.org/strip-indent/-/strip-indent-1.0.1.tgz",
      "integrity": "sha1-DHlipq3vp7vUrDZkYKY4VSrhoKI="
    }
  }
}
